
Microsoft Visual Studio Solution File, Format Version 12.00
# Visual Studio Version 17
VisualStudioVersion = 17.2.32602.215
MinimumVisualStudioVersion = 10.0.40219.1
Project("{9A19103F-16F7-4668-BE54-9A1E7A4F7556}") = "UtilityBot", "UtilityBot\UtilityBot.csproj", "{3F724A7E-DA13-44CB-BB92-0D1862EC58EE}"
EndProject
Project("{9A19103F-16F7-4668-BE54-9A1E7A4F7556}") = "VoiceTexterBot", "VoiceTexterBot\VoiceTexterBot.csproj", "{7F2EA1EB-9A6B-4C39-9308-B304E7855E34}"
EndProject
Global
	GlobalSection(SolutionConfigurationPlatforms) = preSolution
		Debug|Any CPU = Debug|Any CPU
		Release|Any CPU = Release|Any CPU
	EndGlobalSection
	GlobalSection(ProjectConfigurationPlatforms) = postSolution
		{3F724A7E-DA13-44CB-BB92-0D1862EC58EE}.Debug|Any CPU.ActiveCfg = Debug|Any CPU
		{3F724A7E-DA13-44CB-BB92-0D1862EC58EE}.Debug|Any CPU.Build.0 = Debug|Any CPU
		{3F724A7E-DA13-44CB-BB92-0D1862EC58EE}.Release|Any CPU.ActiveCfg = Release|Any CPU
		{3F724A7E-DA13-44CB-BB92-0D1862EC58EE}.Release|Any CPU.Build.0 = Release|Any CPU
		{7F2EA1EB-9A6B-4C39-9308-B304E7855E34}.Debug|Any CPU.ActiveCfg = Debug|Any CPU
		{7F2EA1EB-9A6B-4C39-9308-B304E7855E34}.Debug|Any CPU.Build.0 = Debug|Any CPU
		{7F2EA1EB-9A6B-4C39-9308-B304E7855E34}.Release|Any CPU.ActiveCfg = Release|Any CPU
		{7F2EA1EB-9A6B-4C39-9308-B304E7855E34}.Release|Any CPU.Build.0 = Release|Any CPU
	EndGlobalSection
	GlobalSection(SolutionProperties) = preSolution
		HideSolutionNode = FALSE
	EndGlobalSection
	GlobalSection(ExtensibilityGlobals) = postSolution
		SolutionGuid = {A20D0F8A-31B6-4288-9486-F314F4CC5849}
	EndGlobalSection
EndGlobal
